
Microsoft Visual Studio Solution File, Format Version 12.00
# Visual Studio 2013
VisualStudioVersion = 12.0.21005.1
MinimumVisualStudioVersion = 10.0.40219.1
Project("{FAE04EC0-301F-11D3-BF4B-00C04F79EFBC}") = "test", "test\test.csproj", "{CA976FB3-EBD4-424D-95F9-367A6BF6E268}"
EndProject
Global
	GlobalSection(SolutionConfigurationPlatforms) = preSolution
		Debug|Any CPU = Debug|Any CPU
		Release|Any CPU = Release|Any CPU
	EndGlobalSection
	GlobalSection(ProjectConfigurationPlatforms) = postSolution
		{CA976FB3-EBD4-424D-95F9-367A6BF6E268}.Debug|Any CPU.ActiveCfg = Debug|Any CPU
		{CA976FB3-EBD4-424D-95F9-367A6BF6E268}.Debug|Any CPU.Build.0 = Debug|Any CPU
		{CA976FB3-EBD4-424D-95F9-367A6BF6E268}.Release|Any CPU.ActiveCfg = Release|Any CPU
		{CA976FB3-EBD4-424D-95F9-367A6BF6E268}.Release|Any CPU.Build.0 = Release|Any CPU
	EndGlobalSection
	GlobalSection(SolutionProperties) = preSolution
		HideSolutionNode = FALSE
	EndGlobalSection
EndGlobal
